
Microsoft Visual Studio Solution File, Format Version 12.00
# Visual Studio Version 17
VisualStudioVersion = 17.11.35327.3
MinimumVisualStudioVersion = 10.0.40219.1
Project("{FAE04EC0-301F-11D3-BF4B-00C04F79EFBC}") = "Vectores", "Vectores\Vectores.csproj", "{4F838791-0A0F-4985-B058-0FF0623F51F5}"
EndProject
Global
	GlobalSection(SolutionConfigurationPlatforms) = preSolution
		Debug|Any CPU = Debug|Any CPU
		Release|Any CPU = Release|Any CPU
	EndGlobalSection
	GlobalSection(ProjectConfigurationPlatforms) = postSolution
		{4F838791-0A0F-4985-B058-0FF0623F51F5}.Debug|Any CPU.ActiveCfg = Debug|Any CPU
		{4F838791-0A0F-4985-B058-0FF0623F51F5}.Debug|Any CPU.Build.0 = Debug|Any CPU
		{4F838791-0A0F-4985-B058-0FF0623F51F5}.Release|Any CPU.ActiveCfg = Release|Any CPU
		{4F838791-0A0F-4985-B058-0FF0623F51F5}.Release|Any CPU.Build.0 = Release|Any CPU
	EndGlobalSection
	GlobalSection(SolutionProperties) = preSolution
		HideSolutionNode = FALSE
	EndGlobalSection
	GlobalSection(ExtensibilityGlobals) = postSolution
		SolutionGuid = {453D1146-9573-4FB5-A983-7C6E180534E6}
	EndGlobalSection
EndGlobal
